
Microsoft Visual Studio Solution File, Format Version 12.00
# Visual Studio Version 16
VisualStudioVersion = 16.0.30114.105
MinimumVisualStudioVersion = 10.0.40219.1
Project("{FAE04EC0-301F-11D3-BF4B-00C04F79EFBC}") = "StudioApp", "StudioApp\StudioApp.csproj", "{8E041AA6-F65D-474B-B4AC-DEF0FC14A366}"
EndProject
Global
	GlobalSection(SolutionConfigurationPlatforms) = preSolution
		Debug|Any CPU = Debug|Any CPU
		Release|Any CPU = Release|Any CPU
	EndGlobalSection
	GlobalSection(ProjectConfigurationPlatforms) = postSolution
		{8E041AA6-F65D-474B-B4AC-DEF0FC14A366}.Debug|Any CPU.ActiveCfg = Debug|Any CPU
		{8E041AA6-F65D-474B-B4AC-DEF0FC14A366}.Debug|Any CPU.Build.0 = Debug|Any CPU
		{8E041AA6-F65D-474B-B4AC-DEF0FC14A366}.Release|Any CPU.ActiveCfg = Release|Any CPU
		{8E041AA6-F65D-474B-B4AC-DEF0FC14A366}.Release|Any CPU.Build.0 = Release|Any CPU
	EndGlobalSection
	GlobalSection(SolutionProperties) = preSolution
		HideSolutionNode = FALSE
	EndGlobalSection
	GlobalSection(ExtensibilityGlobals) = postSolution
		SolutionGuid = {A826B5A6-3CAB-49D6-85B1-B1D83A2C6193}
	EndGlobalSection
EndGlobal
